// !$*UTF8*$!
{
	archiveVersion = 1;
	classes = {
	};
	objectVersion = 50;
	objects = {

/* Begin PBXBuildFile section */
		523FD5BA51BF4D0E013253BA /* Pods_facebookTestUITests.framework in Frameworks */ = {isa = PBXBuildFile; fileRef = D97F58AB7EC7C3AF578A4436 /* Pods_facebookTestUITests.framework */; };
		557B0B262305964500A6ACC2 /* AppDelegate.swift in Sources */ = {isa = PBXBuildFile; fileRef = 557B0B252305964500A6ACC2 /* AppDelegate.swift */; };
		557B0B282305964500A6ACC2 /* ViewController.swift in Sources */ = {isa = PBXBuildFile; fileRef = 557B0B272305964500A6ACC2 /* ViewController.swift */; };
		557B0B2B2305964500A6ACC2 /* Main.storyboard in Resources */ = {isa = PBXBuildFile; fileRef = 557B0B292305964500A6ACC2 /* Main.storyboard */; };
		557B0B2E2305964500A6ACC2 /* facebookTest.xcdatamodeld in Sources */ = {isa = PBXBuildFile; fileRef = 557B0B2C2305964500A6ACC2 /* facebookTest.xcdatamodeld */; };
		557B0B302305964B00A6ACC2 /* Assets.xcassets in Resources */ = {isa = PBXBuildFile; fileRef = 557B0B2F2305964B00A6ACC2 /* Assets.xcassets */; };
		557B0B332305964B00A6ACC2 /* LaunchScreen.storyboard in Resources */ = {isa = PBXBuildFile; fileRef = 557B0B312305964B00A6ACC2 /* LaunchScreen.storyboard */; };
		557B0B3E2305964C00A6ACC2 /* facebookTestTests.swift in Sources */ = {isa = PBXBuildFile; fileRef = 557B0B3D2305964C00A6ACC2 /* facebookTestTests.swift */; };
		557B0B492305964C00A6ACC2 /* facebookTestUITests.swift in Sources */ = {isa = PBXBuildFile; fileRef = 557B0B482305964C00A6ACC2 /* facebookTestUITests.swift */; };
		60EC8C2BBC91BA774D54B476 /* Pods_facebookTestTests.framework in Frameworks */ = {isa = PBXBuildFile; fileRef = 9819FBD18C471BF080D53D62 /* Pods_facebookTestTests.framework */; };
		A2C89D14B200159CC4E46418 /* Pods_facebookTest.framework in Frameworks */ = {isa = PBXBuildFile; fileRef = F82B310779FE383E238A1224 /* Pods_facebookTest.framework */; };
/* End PBXBuildFile section */

/* Begin PBXContainerItemProxy section */
		557B0B3A2305964C00A6ACC2 /* PBXContainerItemProxy */ = {
			isa = PBXContainerItemProxy;
			containerPortal = 557B0B1A2305964500A6ACC2 /* Project object */;
			proxyType = 1;
			remoteGlobalIDString = 557B0B212305964500A6ACC2;
			remoteInfo = facebookTest;
		};
		557B0B452305964C00A6ACC2 /* PBXContainerItemProxy */ = {
			isa = PBXContainerItemProxy;
			containerPortal = 557B0B1A2305964500A6ACC2 /* Project object */;
			proxyType = 1;
			remoteGlobalIDString = 557B0B212305964500A6ACC2;
			remoteInfo = facebookTest;
		};
/* End PBXContainerItemProxy section */

/* Begin PBXFileReference section */
		003AEB9B10632EB40865A59A /* Pods-facebookTestUITests.debug.xcconfig */ = {isa = PBXFileReference; includeInIndex = 1; lastKnownFileType = text.xcconfig; name = "Pods-facebookTestUITests.debug.xcconfig"; path = "Target Support Files/Pods-facebookTestUITests/Pods-facebookTestUITests.debug.xcconfig"; sourceTree = "<group>"; };
		45190123941CB013B8287140 /* Pods-facebookTestTests.release.xcconfig */ = {isa = PBXFileReference; includeInIndex = 1; lastKnownFileType = text.xcconfig; name = "Pods-facebookTestTests.release.xcconfig"; path = "Target Support Files/Pods-facebookTestTests/Pods-facebookTestTests.release.xcconfig"; sourceTree = "<group>"; };
		557B0B222305964500A6ACC2 /* facebookTest.app */ = {isa = PBXFileReference; explicitFileType = wrapper.application; includeInIndex = 0; path = facebookTest.app; sourceTree = BUILT_PRODUCTS_DIR; };
		557B0B252305964500A6ACC2 /* AppDelegate.swift */ = {isa = PBXFileReference; lastKnownFileType = sourcecode.swift; path = AppDelegate.swift; sourceTree = "<group>"; };
		557B0B272305964500A6ACC2 /* ViewController.swift */ = {isa = PBXFileReference; lastKnownFileType = sourcecode.swift; path = ViewController.swift; sourceTree = "<group>"; };
		557B0B2A2305964500A6ACC2 /* Base */ = {isa = PBXFileReference; lastKnownFileType = file.storyboard; name = Base; path = Base.lproj/Main.storyboard; sourceTree = "<group>"; };
		557B0B2D2305964500A6ACC2 /* facebookTest.xcdatamodel */ = {isa = PBXFileReference; lastKnownFileType = wrapper.xcdatamodel; path = facebookTest.xcdatamodel; sourceTree = "<group>"; };
		557B0B2F2305964B00A6ACC2 /* Assets.xcassets */ = {isa = PBXFileReference; lastKnownFileType = folder.assetcatalog; path = Assets.xcassets; sourceTree = "<group>"; };
		557B0B322305964B00A6ACC2 /* Base */ = {isa = PBXFileReference; lastKnownFileType = file.storyboard; name = Base; path = Base.lproj/LaunchScreen.storyboard; sourceTree = "<group>"; };
		557B0B342305964B00A6ACC2 /* Info.plist */ = {isa = PBXFileReference; lastKnownFileType = text.plist.xml; path = Info.plist; sourceTree = "<group>"; };
		557B0B392305964C00A6ACC2 /* facebookTestTests.xctest */ = {isa = PBXFileReference; explicitFileType = wrapper.cfbundle; includeInIndex = 0; path = facebookTestTests.xctest; sourceTree = BUILT_PRODUCTS_DIR; };
		557B0B3D2305964C00A6ACC2 /* facebookTestTests.swift */ = {isa = PBXFileReference; lastKnownFileType = sourcecode.swift; path = facebookTestTests.swift; sourceTree = "<group>"; };
		557B0B3F2305964C00A6ACC2 /* Info.plist */ = {isa = PBXFileReference; lastKnownFileType = text.plist.xml; path = Info.plist; sourceTree = "<group>"; };
		557B0B442305964C00A6ACC2 /* facebookTestUITests.xctest */ = {isa = PBXFileReference; explicitFileType = wrapper.cfbundle; includeInIndex = 0; path = facebookTestUITests.xctest; sourceTree = BUILT_PRODUCTS_DIR; };
		557B0B482305964C00A6ACC2 /* facebookTestUITests.swift */ = {isa = PBXFileReference; lastKnownFileType = sourcecode.swift; path = facebookTestUITests.swift; sourceTree = "<group>"; };
		557B0B4A2305964C00A6ACC2 /* Info.plist */ = {isa = PBXFileReference; lastKnownFileType = text.plist.xml; path = Info.plist; sourceTree = "<group>"; };
		9819FBD18C471BF080D53D62 /* Pods_facebookTestTests.framework */ = {isa = PBXFileReference; explicitFileType = wrapper.framework; includeInIndex = 0; path = Pods_facebookTestTests.framework; sourceTree = BUILT_PRODUCTS_DIR; };
		9ABDF6D5B05A3CB704F36822 /* Pods-facebookTestTests.debug.xcconfig */ = {isa = PBXFileReference; includeInIndex = 1; lastKnownFileType = text.xcconfig; name = "Pods-facebookTestTests.debug.xcconfig"; path = "Target Support Files/Pods-facebookTestTests/Pods-facebookTestTests.debug.xcconfig"; sourceTree = "<group>"; };
		A54A8DFBA4D6C4AB26F1C959 /* Pods-facebookTest.debug.xcconfig */ = {isa = PBXFileReference; includeInIndex = 1; lastKnownFileType = text.xcconfig; name = "Pods-facebookTest.debug.xcconfig"; path = "Target Support Files/Pods-facebookTest/Pods-facebookTest.debug.xcconfig"; sourceTree = "<group>"; };
		C31F3821F17CD1596837963D /* Pods-facebookTestUITests.release.xcconfig */ = {isa = PBXFileReference; includeInIndex = 1; lastKnownFileType = text.xcconfig; name = "Pods-facebookTestUITests.release.xcconfig"; path = "Target Support Files/Pods-facebookTestUITests/Pods-facebookTestUITests.release.xcconfig"; sourceTree = "<group>"; };
		D97F58AB7EC7C3AF578A4436 /* Pods_facebookTestUITests.framework */ = {isa = PBXFileReference; explicitFileType = wrapper.framework; includeInIndex = 0; path = Pods_facebookTestUITests.framework; sourceTree = BUILT_PRODUCTS_DIR; };
		EEB01CF7979DED92B0953317 /* Pods-facebookTest.release.xcconfig */ = {isa = PBXFileReference; includeInIndex = 1; lastKnownFileType = text.xcconfig; name = "Pods-facebookTest.release.xcconfig"; path = "Target Support Files/Pods-facebookTest/Pods-facebookTest.release.xcconfig"; sourceTree = "<group>"; };
		F82B310779FE383E238A1224 /* Pods_facebookTest.framework */ = {isa = PBXFileReference; explicitFileType = wrapper.framework; includeInIndex = 0; path = Pods_facebookTest.framework; sourceTree = BUILT_PRODUCTS_DIR; };
/* End PBXFileReference section */

/* Begin PBXFrameworksBuildPhase section */
		557B0B1F2305964500A6ACC2 /* Frameworks */ = {
			isa = PBXFrameworksBuildPhase;
			buildActionMask = 2147483647;
			files = (
				A2C89D14B200159CC4E46418 /* Pods_facebookTest.framework in Frameworks */,
			);
			runOnlyForDeploymentPostprocessing = 0;
		};
		557B0B362305964C00A6ACC2 /* Frameworks */ = {
			isa = PBXFrameworksBuildPhase;
			buildActionMask = 2147483647;
			files = (
				60EC8C2BBC91BA774D54B476 /* Pods_facebookTestTests.framework in Frameworks */,
			);
			runOnlyForDeploymentPostprocessing = 0;
		};
		557B0B412305964C00A6ACC2 /* Frameworks */ = {
			isa = PBXFrameworksBuildPhase;
			buildActionMask = 2147483647;
			files = (
				523FD5BA51BF4D0E013253BA /* Pods_facebookTestUITests.framework in Frameworks */,
			);
			runOnlyForDeploymentPostprocessing = 0;
		};
/* End PBXFrameworksBuildPhase section */

/* Begin PBXGroup section */
		1565A87B94033732E344CF31 /* Frameworks */ = {
			isa = PBXGroup;
			children = (
				F82B310779FE383E238A1224 /* Pods_facebookTest.framework */,
				9819FBD18C471BF080D53D62 /* Pods_facebookTestTests.framework */,
				D97F58AB7EC7C3AF578A4436 /* Pods_facebookTestUITests.framework */,
			);
			name = Frameworks;
			sourceTree = "<group>";
		};
		1BC0CF1C10CA44E3CB592E1B /* Pods */ = {
			isa = PBXGroup;
			children = (
				A54A8DFBA4D6C4AB26F1C959 /* Pods-facebookTest.debug.xcconfig */,
				EEB01CF7979DED92B0953317 /* Pods-facebookTest.release.xcconfig */,
				9ABDF6D5B05A3CB704F36822 /* Pods-facebookTestTests.debug.xcconfig */,
				45190123941CB013B8287140 /* Pods-facebookTestTests.release.xcconfig */,
				003AEB9B10632EB40865A59A /* Pods-facebookTestUITests.debug.xcconfig */,
				C31F3821F17CD1596837963D /* Pods-facebookTestUITests.release.xcconfig */,
			);
			name = Pods;
			path = Pods;
			sourceTree = "<group>";
		};
		557B0B192305964500A6ACC2 = {
			isa = PBXGroup;
			children = (
				557B0B242305964500A6ACC2 /* facebookTest */,
				557B0B3C2305964C00A6ACC2 /* facebookTestTests */,
				557B0B472305964C00A6ACC2 /* facebookTestUITests */,
				557B0B232305964500A6ACC2 /* Products */,
				1BC0CF1C10CA44E3CB592E1B /* Pods */,
				1565A87B94033732E344CF31 /* Frameworks */,
			);
			sourceTree = "<group>";
		};
		557B0B232305964500A6ACC2 /* Products */ = {
			isa = PBXGroup;
			children = (
				557B0B222305964500A6ACC2 /* facebookTest.app */,
				557B0B392305964C00A6ACC2 /* facebookTestTests.xctest */,
				557B0B442305964C00A6ACC2 /* facebookTestUITests.xctest */,
			);
			name = Products;
			sourceTree = "<group>";
		};
		557B0B242305964500A6ACC2 /* facebookTest */ = {
			isa = PBXGroup;
			children = (
				557B0B252305964500A6ACC2 /* AppDelegate.swift */,
				557B0B272305964500A6ACC2 /* ViewController.swift */,
				557B0B292305964500A6ACC2 /* Main.storyboard */,
				557B0B2F2305964B00A6ACC2 /* Assets.xcassets */,
				557B0B312305964B00A6ACC2 /* LaunchScreen.storyboard */,
				557B0B342305964B00A6ACC2 /* Info.plist */,
				557B0B2C2305964500A6ACC2 /* facebookTest.xcdatamodeld */,
			);
			path = facebookTest;
			sourceTree = "<group>";
		};
		557B0B3C2305964C00A6ACC2 /* facebookTestTests */ = {
			isa = PBXGroup;
			children = (
				557B0B3D2305964C00A6ACC2 /* facebookTestTests.swift */,
				557B0B3F2305964C00A6ACC2 /* Info.plist */,
			);
			path = facebookTestTests;
			sourceTree = "<group>";
		};
		557B0B472305964C00A6ACC2 /* facebookTestUITests */ = {
			isa = PBXGroup;
			children = (
				557B0B482305964C00A6ACC2 /* facebookTestUITests.swift */,
				557B0B4A2305964C00A6ACC2 /* Info.plist */,
			);
			path = facebookTestUITests;
			sourceTree = "<group>";
		};
/* End PBXGroup section */

/* Begin PBXNativeTarget section */
		557B0B212305964500A6ACC2 /* facebookTest */ = {
			isa = PBXNativeTarget;
			buildConfigurationList = 557B0B4D2305964C00A6ACC2 /* Build configuration list for PBXNativeTarget "facebookTest" */;
			buildPhases = (
				98860E950828505D27C5A0D9 /* [CP] Check Pods Manifest.lock */,
				557B0B1E2305964500A6ACC2 /* Sources */,
				557B0B1F2305964500A6ACC2 /* Frameworks */,
				557B0B202305964500A6ACC2 /* Resources */,
				B5D47CB3A06546515AD3E0DC /* [CP] Embed Pods Frameworks */,
			);
			buildRules = (
			);
			dependencies = (
			);
			name = facebookTest;
			productName = facebookTest;
			productReference = 557B0B222305964500A6ACC2 /* facebookTest.app */;
			productType = "com.apple.product-type.application";
		};
		557B0B382305964C00A6ACC2 /* facebookTestTests */ = {
			isa = PBXNativeTarget;
			buildConfigurationList = 557B0B502305964C00A6ACC2 /* Build configuration list for PBXNativeTarget "facebookTestTests" */;
			buildPhases = (
				40528EB63DC0E77230C28CC7 /* [CP] Check Pods Manifest.lock */,
				557B0B352305964C00A6ACC2 /* Sources */,
				557B0B362305964C00A6ACC2 /* Frameworks */,
				557B0B372305964C00A6ACC2 /* Resources */,
			);
			buildRules = (
			);
			dependencies = (
				557B0B3B2305964C00A6ACC2 /* PBXTargetDependency */,
			);
			name = facebookTestTests;
			productName = facebookTestTests;
			productReference = 557B0B392305964C00A6ACC2 /* facebookTestTests.xctest */;
			productType = "com.apple.product-type.bundle.unit-test";
		};
		557B0B432305964C00A6ACC2 /* facebookTestUITests */ = {
			isa = PBXNativeTarget;
			buildConfigurationList = 557B0B532305964C00A6ACC2 /* Build configuration list for PBXNativeTarget "facebookTestUITests" */;
			buildPhases = (
				0F2AE81F79E7A4E4EA2380C9 /* [CP] Check Pods Manifest.lock */,
				557B0B402305964C00A6ACC2 /* Sources */,
				557B0B412305964C00A6ACC2 /* Frameworks */,
				557B0B422305964C00A6ACC2 /* Resources */,
			);
			buildRules = (
			);
			dependencies = (
				557B0B462305964C00A6ACC2 /* PBXTargetDependency */,
			);
			name = facebookTestUITests;
			productName = facebookTestUITests;
			productReference = 557B0B442305964C00A6ACC2 /* facebookTestUITests.xctest */;
			productType = "com.apple.product-type.bundle.ui-testing";
		};
/* End PBXNativeTarget section */

/* Begin PBXProject section */
		557B0B1A2305964500A6ACC2 /* Project object */ = {
			isa = PBXProject;
			attributes = {
				LastSwiftUpdateCheck = 1030;
				LastUpgradeCheck = 1030;
				ORGANIZATIONNAME = elizabeth;
				TargetAttributes = {
					557B0B212305964500A6ACC2 = {
						CreatedOnToolsVersion = 10.3;
					};
					557B0B382305964C00A6ACC2 = {
						CreatedOnToolsVersion = 10.3;
						TestTargetID = 557B0B212305964500A6ACC2;
					};
					557B0B432305964C00A6ACC2 = {
						CreatedOnToolsVersion = 10.3;
						TestTargetID = 557B0B212305964500A6ACC2;
					};
				};
			};
			buildConfigurationList = 557B0B1D2305964500A6ACC2 /* Build configuration list for PBXProject "facebookTest" */;
			compatibilityVersion = "Xcode 9.3";
			developmentRegion = en;
			hasScannedForEncodings = 0;
			knownRegions = (
				en,
				Base,
			);
			mainGroup = 557B0B192305964500A6ACC2;
			productRefGroup = 557B0B232305964500A6ACC2 /* Products */;
			projectDirPath = "";
			projectRoot = "";
			targets = (
				557B0B212305964500A6ACC2 /* facebookTest */,
				557B0B382305964C00A6ACC2 /* facebookTestTests */,
				557B0B432305964C00A6ACC2 /* facebookTestUITests */,
			);
		};
/* End PBXProject section */

/* Begin PBXResourcesBuildPhase section */
		557B0B202305964500A6ACC2 /* Resources */ = {
			isa = PBXResourcesBuildPhase;
			buildActionMask = 2147483647;
			files = (
				557B0B332305964B00A6ACC2 /* LaunchScreen.storyboard in Resources */,
				557B0B302305964B00A6ACC2 /* Assets.xcassets in Resources */,
				557B0B2B2305964500A6ACC2 /* Main.storyboard in Resources */,
			);
			runOnlyForDeploymentPostprocessing = 0;
		};
		557B0B372305964C00A6ACC2 /* Resources */ = {
			isa = PBXResourcesBuildPhase;
			buildActionMask = 2147483647;
			files = (
			);
			runOnlyForDeploymentPostprocessing = 0;
		};
		557B0B422305964C00A6ACC2 /* Resources */ = {
			isa = PBXResourcesBuildPhase;
			buildActionMask = 2147483647;
			files = (
			);
			runOnlyForDeploymentPostprocessing = 0;
		};
/* End PBXResourcesBuildPhase section */

/* Begin PBXShellScriptBuildPhase section */
		0F2AE81F79E7A4E4EA2380C9 /* [CP] Check Pods Manifest.lock */ = {
			isa = PBXShellScriptBuildPhase;
			buildActionMask = 2147483647;
			files = (
			);
			inputFileListPaths = (
			);
			inputPaths = (
				"${PODS_PODFILE_DIR_PATH}/Podfile.lock",
				"${PODS_ROOT}/Manifest.lock",
			);
			name = "[CP] Check Pods Manifest.lock";
			outputFileListPaths = (
			);
			outputPaths = (
				"$(DERIVED_FILE_DIR)/Pods-facebookTestUITests-checkManifestLockResult.txt",
			);
			runOnlyForDeploymentPostprocessing = 0;
			shellPath = /bin/sh;
			shellScript = "diff \"${PODS_PODFILE_DIR_PATH}/Podfile.lock\" \"${PODS_ROOT}/Manifest.lock\" > /dev/null\nif [ $? != 0 ] ; then\n    # print error to STDERR\n    echo \"error: The sandbox is not in sync with the Podfile.lock. Run 'pod install' or update your CocoaPods installation.\" >&2\n    exit 1\nfi\n# This output is used by Xcode 'outputs' to avoid re-running this script phase.\necho \"SUCCESS\" > \"${SCRIPT_OUTPUT_FILE_0}\"\n";
			showEnvVarsInLog = 0;
		};
		40528EB63DC0E77230C28CC7 /* [CP] Check Pods Manifest.lock */ = {
			isa = PBXShellScriptBuildPhase;
			buildActionMask = 2147483647;
			files = (
			);
			inputFileListPaths = (
			);
			inputPaths = (
				"${PODS_PODFILE_DIR_PATH}/Podfile.lock",
				"${PODS_ROOT}/Manifest.lock",
			);
			name = "[CP] Check Pods Manifest.lock";
			outputFileListPaths = (
			);
			outputPaths = (
				"$(DERIVED_FILE_DIR)/Pods-facebookTestTests-checkManifestLockResult.txt",
			);
			runOnlyForDeploymentPostprocessing = 0;
			shellPath = /bin/sh;
			shellScript = "diff \"${PODS_PODFILE_DIR_PATH}/Podfile.lock\" \"${PODS_ROOT}/Manifest.lock\" > /dev/null\nif [ $? != 0 ] ; then\n    # print error to STDERR\n    echo \"error: The sandbox is not in sync with the Podfile.lock. Run 'pod install' or update your CocoaPods installation.\" >&2\n    exit 1\nfi\n# This output is used by Xcode 'outputs' to avoid re-running this script phase.\necho \"SUCCESS\" > \"${SCRIPT_OUTPUT_FILE_0}\"\n";
			showEnvVarsInLog = 0;
		};
		98860E950828505D27C5A0D9 /* [CP] Check Pods Manifest.lock */ = {
			isa = PBXShellScriptBuildPhase;
			buildActionMask = 2147483647;
			files = (
			);
			inputFileListPaths = (
			);
			inputPaths = (
				"${PODS_PODFILE_DIR_PATH}/Podfile.lock",
				"${PODS_ROOT}/Manifest.lock",
			);
			name = "[CP] Check Pods Manifest.lock";
			outputFileListPaths = (
			);
			outputPaths = (
				"$(DERIVED_FILE_DIR)/Pods-facebookTest-checkManifestLockResult.txt",
			);
			runOnlyForDeploymentPostprocessing = 0;
			shellPath = /bin/sh;
			shellScript = "diff \"${PODS_PODFILE_DIR_PATH}/Podfile.lock\" \"${PODS_ROOT}/Manifest.lock\" > /dev/null\nif [ $? != 0 ] ; then\n    # print error to STDERR\n    echo \"error: The sandbox is not in sync with the Podfile.lock. Run 'pod install' or update your CocoaPods installation.\" >&2\n    exit 1\nfi\n# This output is used by Xcode 'outputs' to avoid re-running this script phase.\necho \"SUCCESS\" > \"${SCRIPT_OUTPUT_FILE_0}\"\n";
			showEnvVarsInLog = 0;
		};
		B5D47CB3A06546515AD3E0DC /* [CP] Embed Pods Frameworks */ = {
			isa = PBXShellScriptBuildPhase;
			buildActionMask = 2147483647;
			files = (
			);
			inputFileListPaths = (
				"${PODS_ROOT}/Target Support Files/Pods-facebookTest/Pods-facebookTest-frameworks-${CONFIGURATION}-input-files.xcfilelist",
			);
			name = "[CP] Embed Pods Frameworks";
			outputFileListPaths = (
				"${PODS_ROOT}/Target Support Files/Pods-facebookTest/Pods-facebookTest-frameworks-${CONFIGURATION}-output-files.xcfilelist",
			);
			runOnlyForDeploymentPostprocessing = 0;
			shellPath = /bin/sh;
			shellScript = "\"${PODS_ROOT}/Target Support Files/Pods-facebookTest/Pods-facebookTest-frameworks.sh\"\n";
			showEnvVarsInLog = 0;
		};
/* End PBXShellScriptBuildPhase section */

/* Begin PBXSourcesBuildPhase section */
		557B0B1E2305964500A6ACC2 /* Sources */ = {
			isa = PBXSourcesBuildPhase;
			buildActionMask = 2147483647;
			files = (
				557B0B2E2305964500A6ACC2 /* facebookTest.xcdatamodeld in Sources */,
				557B0B282305964500A6ACC2 /* ViewController.swift in Sources */,
				557B0B262305964500A6ACC2 /* AppDelegate.swift in Sources */,
			);
			runOnlyForDeploymentPostprocessing = 0;
		};
		557B0B352305964C00A6ACC2 /* Sources */ = {
			isa = PBXSourcesBuildPhase;
			buildActionMask = 2147483647;
			files = (
				557B0B3E2305964C00A6ACC2 /* facebookTestTests.swift in Sources */,
			);
			runOnlyForDeploymentPostprocessing = 0;
		};
		557B0B402305964C00A6ACC2 /* Sources */ = {
			isa = PBXSourcesBuildPhase;
			buildActionMask = 2147483647;
			files = (
				557B0B492305964C00A6ACC2 /* facebookTestUITests.swift in Sources */,
			);
			runOnlyForDeploymentPostprocessing = 0;
		};
/* End PBXSourcesBuildPhase section */

/* Begin PBXTargetDependency section */
		557B0B3B2305964C00A6ACC2 /* PBXTargetDependency */ = {
			isa = PBXTargetDependency;
			target = 557B0B212305964500A6ACC2 /* facebookTest */;
			targetProxy = 557B0B3A2305964C00A6ACC2 /* PBXContainerItemProxy */;
		};
		557B0B462305964C00A6ACC2 /* PBXTargetDependency */ = {
			isa = PBXTargetDependency;
			target = 557B0B212305964500A6ACC2 /* facebookTest */;
			targetProxy = 557B0B452305964C00A6ACC2 /* PBXContainerItemProxy */;
		};
/* End PBXTargetDependency section */

/* Begin PBXVariantGroup section */
		557B0B292305964500A6ACC2 /* Main.storyboard */ = {
			isa = PBXVariantGroup;
			children = (
				557B0B2A2305964500A6ACC2 /* Base */,
			);
			name = Main.storyboard;
			sourceTree = "<group>";
		};
		557B0B312305964B00A6ACC2 /* LaunchScreen.storyboard */ = {
			isa = PBXVariantGroup;
			children = (
				557B0B322305964B00A6ACC2 /* Base */,
			);
			name = LaunchScreen.storyboard;
			sourceTree = "<group>";
		};
/* End PBXVariantGroup section */

/* Begin XCBuildConfiguration section */
		557B0B4B2305964C00A6ACC2 /* Debug */ = {
			isa = XCBuildConfiguration;
			buildSettings = {
				ALWAYS_SEARCH_USER_PATHS = NO;
				CLANG_ANALYZER_NONNULL = YES;
				CLANG_ANALYZER_NUMBER_OBJECT_CONVERSION = YES_AGGRESSIVE;
				CLANG_CXX_LANGUAGE_STANDARD = "gnu++14";
				CLANG_CXX_LIBRARY = "libc++";
				CLANG_ENABLE_MODULES = YES;
				CLANG_ENABLE_OBJC_ARC = YES;
				CLANG_ENABLE_OBJC_WEAK = YES;
				CLANG_WARN_BLOCK_CAPTURE_AUTORELEASING = YES;
				CLANG_WARN_BOOL_CONVERSION = YES;
				CLANG_WARN_COMMA = YES;
				CLANG_WARN_CONSTANT_CONVERSION = YES;
				CLANG_WARN_DEPRECATED_OBJC_IMPLEMENTATIONS = YES;
				CLANG_WARN_DIRECT_OBJC_ISA_USAGE = YES_ERROR;
				CLANG_WARN_DOCUMENTATION_COMMENTS = YES;
				CLANG_WARN_EMPTY_BODY = YES;
				CLANG_WARN_ENUM_CONVERSION = YES;
				CLANG_WARN_INFINITE_RECURSION = YES;
				CLANG_WARN_INT_CONVERSION = YES;
				CLANG_WARN_NON_LITERAL_NULL_CONVERSION = YES;
				CLANG_WARN_OBJC_IMPLICIT_RETAIN_SELF = YES;
				CLANG_WARN_OBJC_LITERAL_CONVERSION = YES;
				CLANG_WARN_OBJC_ROOT_CLASS = YES_ERROR;
				CLANG_WARN_RANGE_LOOP_ANALYSIS = YES;
				CLANG_WARN_STRICT_PROTOTYPES = YES;
				CLANG_WARN_SUSPICIOUS_MOVE = YES;
				CLANG_WARN_UNGUARDED_AVAILABILITY = YES_AGGRESSIVE;
				CLANG_WARN_UNREACHABLE_CODE = YES;
				CLANG_WARN__DUPLICATE_METHOD_MATCH = YES;
				CODE_SIGN_IDENTITY = "iPhone Developer";
				COPY_PHASE_STRIP = NO;
				DEBUG_INFORMATION_FORMAT = dwarf;
				ENABLE_STRICT_OBJC_MSGSEND = YES;
				ENABLE_TESTABILITY = YES;
				GCC_C_LANGUAGE_STANDARD = gnu11;
				GCC_DYNAMIC_NO_PIC = NO;
				GCC_NO_COMMON_BLOCKS = YES;
				GCC_OPTIMIZATION_LEVEL = 0;
				GCC_PREPROCESSOR_DEFINITIONS = (
					"DEBUG=1",
					"$(inherited)",
				);
				GCC_WARN_64_TO_32_BIT_CONVERSION = YES;
				GCC_WARN_ABOUT_RETURN_TYPE = YES_ERROR;
				GCC_WARN_UNDECLARED_SELECTOR = YES;
				GCC_WARN_UNINITIALIZED_AUTOS = YES_AGGRESSIVE;
				GCC_WARN_UNUSED_FUNCTION = YES;
				GCC_WARN_UNUSED_VARIABLE = YES;
				IPHONEOS_DEPLOYMENT_TARGET = 12.4;
				MTL_ENABLE_DEBUG_INFO = INCLUDE_SOURCE;
				MTL_FAST_MATH = YES;
				ONLY_ACTIVE_ARCH = YES;
				SDKROOT = iphoneos;
				SWIFT_ACTIVE_COMPILATION_CONDITIONS = DEBUG;
				SWIFT_OPTIMIZATION_LEVEL = "-Onone";
			};
			name = Debug;
		};
		557B0B4C2305964C00A6ACC2 /* Release */ = {
			isa = XCBuildConfiguration;
			buildSettings = {
				ALWAYS_SEARCH_USER_PATHS = NO;
				CLANG_ANALYZER_NONNULL = YES;
				CLANG_ANALYZER_NUMBER_OBJECT_CONVERSION = YES_AGGRESSIVE;
				CLANG_CXX_LANGUAGE_STANDARD = "gnu++14";
				CLANG_CXX_LIBRARY = "libc++";
				CLANG_ENABLE_MODULES = YES;
				CLANG_ENABLE_OBJC_ARC = YES;
				CLANG_ENABLE_OBJC_WEAK = YES;
				CLANG_WARN_BLOCK_CAPTURE_AUTORELEASING = YES;
				CLANG_WARN_BOOL_CONVERSION = YES;
				CLANG_WARN_COMMA = YES;
				CLANG_WARN_CONSTANT_CONVERSION = YES;
				CLANG_WARN_DEPRECATED_OBJC_IMPLEMENTATIONS = YES;
				CLANG_WARN_DIRECT_OBJC_ISA_USAGE = YES_ERROR;
				CLANG_WARN_DOCUMENTATION_COMMENTS = YES;
				CLANG_WARN_EMPTY_BODY = YES;
				CLANG_WARN_ENUM_CONVERSION = YES;
				CLANG_WARN_INFINITE_RECURSION = YES;
				CLANG_WARN_INT_CONVERSION = YES;
				CLANG_WARN_NON_LITERAL_NULL_CONVERSION = YES;
				CLANG_WARN_OBJC_IMPLICIT_RETAIN_SELF = YES;
				CLANG_WARN_OBJC_LITERAL_CONVERSION = YES;
				CLANG_WARN_OBJC_ROOT_CLASS = YES_ERROR;
				CLANG_WARN_RANGE_LOOP_ANALYSIS = YES;
				CLANG_WARN_STRICT_PROTOTYPES = YES;
				CLANG_WARN_SUSPICIOUS_MOVE = YES;
				CLANG_WARN_UNGUARDED_AVAILABILITY = YES_AGGRESSIVE;
				CLANG_WARN_UNREACHABLE_CODE = YES;
				CLANG_WARN__DUPLICATE_METHOD_MATCH = YES;
				CODE_SIGN_IDENTITY = "iPhone Developer";
				COPY_PHASE_STRIP = NO;
				DEBUG_INFORMATION_FORMAT = "dwarf-with-dsym";
				ENABLE_NS_ASSERTIONS = NO;
				ENABLE_STRICT_OBJC_MSGSEND = YES;
				GCC_C_LANGUAGE_STANDARD = gnu11;
				GCC_NO_COMMON_BLOCKS = YES;
				GCC_WARN_64_TO_32_BIT_CONVERSION = YES;
				GCC_WARN_ABOUT_RETURN_TYPE = YES_ERROR;
				GCC_WARN_UNDECLARED_SELECTOR = YES;
				GCC_WARN_UNINITIALIZED_AUTOS = YES_AGGRESSIVE;
				GCC_WARN_UNUSED_FUNCTION = YES;
				GCC_WARN_UNUSED_VARIABLE = YES;
				IPHONEOS_DEPLOYMENT_TARGET = 12.4;
				MTL_ENABLE_DEBUG_INFO = NO;
				MTL_FAST_MATH = YES;
				SDKROOT = iphoneos;
				SWIFT_COMPILATION_MODE = wholemodule;
				SWIFT_OPTIMIZATION_LEVEL = "-O";
				VALIDATE_PRODUCT = YES;
			};
			name = Release;
		};
		557B0B4E2305964C00A6ACC2 /* Debug */ = {
			isa = XCBuildConfiguration;
			baseConfigurationReference = A54A8DFBA4D6C4AB26F1C959 /* Pods-facebookTest.debug.xcconfig */;
			buildSettings = {
				ASSETCATALOG_COMPILER_APPICON_NAME = AppIcon;
				CODE_SIGN_STYLE = Automatic;
				INFOPLIST_FILE = facebookTest/Info.plist;
				LD_RUNPATH_SEARCH_PATHS = (
					"$(inherited)",
					"@executable_path/Frameworks",
				);
				PRODUCT_BUNDLE_IDENTIFIER = com.esong.facebookTest;
				PRODUCT_NAME = "$(TARGET_NAME)";
				SWIFT_VERSION = 5.0;
				TARGETED_DEVICE_FAMILY = "1,2";
			};
			name = Debug;
		};
		557B0B4F2305964C00A6ACC2 /* Release */ = {
			isa = XCBuildConfiguration;
			baseConfigurationReference = EEB01CF7979DED92B0953317 /* Pods-facebookTest.release.xcconfig */;
			buildSettings = {
				ASSETCATALOG_COMPILER_APPICON_NAME = AppIcon;
				CODE_SIGN_STYLE = Automatic;
				INFOPLIST_FILE = facebookTest/Info.plist;
				LD_RUNPATH_SEARCH_PATHS = (
					"$(inherited)",
					"@executable_path/Frameworks",
				);
				PRODUCT_BUNDLE_IDENTIFIER = com.esong.facebookTest;
				PRODUCT_NAME = "$(TARGET_NAME)";
				SWIFT_VERSION = 5.0;
				TARGETED_DEVICE_FAMILY = "1,2";
			};
			name = Release;
		};
		557B0B512305964C00A6ACC2 /* Debug */ = {
			isa = XCBuildConfiguration;
			baseConfigurationReference = 9ABDF6D5B05A3CB704F36822 /* Pods-facebookTestTests.debug.xcconfig */;
			buildSettings = {
				ALWAYS_EMBED_SWIFT_STANDARD_LIBRARIES = YES;
				BUNDLE_LOADER = "$(TEST_HOST)";
				CODE_SIGN_STYLE = Automatic;
				INFOPLIST_FILE = facebookTestTests/Info.plist;
				LD_RUNPATH_SEARCH_PATHS = (
					"$(inherited)",
					"@executable_path/Frameworks",
					"@loader_path/Frameworks",
				);
				PRODUCT_BUNDLE_IDENTIFIER = com.esong.facebookTestTests;
				PRODUCT_NAME = "$(TARGET_NAME)";
				SWIFT_VERSION = 5.0;
				TARGETED_DEVICE_FAMILY = "1,2";
				TEST_HOST = "$(BUILT_PRODUCTS_DIR)/facebookTest.app/facebookTest";
			};
			name = Debug;
		};
		557B0B522305964C00A6ACC2 /* Release */ = {
			isa = XCBuildConfiguration;
			baseConfigurationReference = 45190123941CB013B8287140 /* Pods-facebookTestTests.release.xcconfig */;
			buildSettings = {
				ALWAYS_EMBED_SWIFT_STANDARD_LIBRARIES = YES;
				BUNDLE_LOADER = "$(TEST_HOST)";
				CODE_SIGN_STYLE = Automatic;
				INFOPLIST_FILE = facebookTestTests/Info.plist;
				LD_RUNPATH_SEARCH_PATHS = (
					"$(inherited)",
					"@executable_path/Frameworks",
					"@loader_path/Frameworks",
				);
				PRODUCT_BUNDLE_IDENTIFIER = com.esong.facebookTestTests;
				PRODUCT_NAME = "$(TARGET_NAME)";
				SWIFT_VERSION = 5.0;
				TARGETED_DEVICE_FAMILY = "1,2";
				TEST_HOST = "$(BUILT_PRODUCTS_DIR)/facebookTest.app/facebookTest";
			};
			name = Release;
		};
		557B0B542305964C00A6ACC2 /* Debug */ = {
			isa = XCBuildConfiguration;
			baseConfigurationReference = 003AEB9B10632EB40865A59A /* Pods-facebookTestUITests.debug.xcconfig */;
			buildSettings = {
				ALWAYS_EMBED_SWIFT_STANDARD_LIBRARIES = YES;
				CODE_SIGN_STYLE = Automatic;
				INFOPLIST_FILE = facebookTestUITests/Info.plist;
				LD_RUNPATH_SEARCH_PATHS = (
					"$(inherited)",
					"@executable_path/Frameworks",
					"@loader_path/Frameworks",
				);
				PRODUCT_BUNDLE_IDENTIFIER = com.esong.facebookTestUITests;
				PRODUCT_NAME = "$(TARGET_NAME)";
				SWIFT_VERSION = 5.0;
				TARGETED_DEVICE_FAMILY = "1,2";
				TEST_TARGET_NAME = facebookTest;
			};
			name = Debug;
		};
		557B0B552305964C00A6ACC2 /* Release */ = {
			isa = XCBuildConfiguration;
			baseConfigurationReference = C31F3821F17CD1596837963D /* Pods-facebookTestUITests.release.xcconfig */;
			buildSettings = {
				ALWAYS_EMBED_SWIFT_STANDARD_LIBRARIES = YES;
				CODE_SIGN_STYLE = Automatic;
				INFOPLIST_FILE = facebookTestUITests/Info.plist;
				LD_RUNPATH_SEARCH_PATHS = (
					"$(inherited)",
					"@executable_path/Frameworks",
					"@loader_path/Frameworks",
				);
				PRODUCT_BUNDLE_IDENTIFIER = com.esong.facebookTestUITests;
				PRODUCT_NAME = "$(TARGET_NAME)";
				SWIFT_VERSION = 5.0;
				TARGETED_DEVICE_FAMILY = "1,2";
				TEST_TARGET_NAME = facebookTest;
			};
			name = Release;
		};
/* End XCBuildConfiguration section */

/* Begin XCConfigurationList section */
		557B0B1D2305964500A6ACC2 /* Build configuration list for PBXProject "facebookTest" */ = {
			isa = XCConfigurationList;
			buildConfigurations = (
				557B0B4B2305964C00A6ACC2 /* Debug */,
				557B0B4C2305964C00A6ACC2 /* Release */,
			);
			defaultConfigurationIsVisible = 0;
			defaultConfigurationName = Release;
		};
		557B0B4D2305964C00A6ACC2 /* Build configuration list for PBXNativeTarget "facebookTest" */ = {
			isa = XCConfigurationList;
			buildConfigurations = (
				557B0B4E2305964C00A6ACC2 /* Debug */,
				557B0B4F2305964C00A6ACC2 /* Release */,
			);
			defaultConfigurationIsVisible = 0;
			defaultConfigurationName = Release;
		};
		557B0B502305964C00A6ACC2 /* Build configuration list for PBXNativeTarget "facebookTestTests" */ = {
			isa = XCConfigurationList;
			buildConfigurations = (
				557B0B512305964C00A6ACC2 /* Debug */,
				557B0B522305964C00A6ACC2 /* Release */,
			);
			defaultConfigurationIsVisible = 0;
			defaultConfigurationName = Release;
		};
		557B0B532305964C00A6ACC2 /* Build configuration list for PBXNativeTarget "facebookTestUITests" */ = {
			isa = XCConfigurationList;
			buildConfigurations = (
				557B0B542305964C00A6ACC2 /* Debug */,
				557B0B552305964C00A6ACC2 /* Release */,
			);
			defaultConfigurationIsVisible = 0;
			defaultConfigurationName = Release;
		};
/* End XCConfigurationList section */

/* Begin XCVersionGroup section */
		557B0B2C2305964500A6ACC2 /* facebookTest.xcdatamodeld */ = {
			isa = XCVersionGroup;
			children = (
				557B0B2D2305964500A6ACC2 /* facebookTest.xcdatamodel */,
			);
			currentVersion = 557B0B2D2305964500A6ACC2 /* facebookTest.xcdatamodel */;
			path = facebookTest.xcdatamodeld;
			sourceTree = "<group>";
			versionGroupType = wrapper.xcdatamodel;
		};
/* End XCVersionGroup section */
	};
	rootObject = 557B0B1A2305964500A6ACC2 /* Project object */;
}
